# This file is automatically @generated by Cargo.
# It is not intended for manual editing.
version = 4

[[package]]
name = "aho-corasick"
version = "1.1.4"
source = "registry+https://github.com/rust-lang/crates.io-index"
checksum = "ddd31a130427c27518df266943a5308ed92d4b226cc639f5a8f1002816174301"
dependencies = [
 "memchr",
]

[[package]]
name = "array-init"
version = "2.1.0"
source = "registry+https://github.com/rust-lang/crates.io-index"
checksum = "3d62b7694a562cdf5a74227903507c56ab2cc8bdd1f781ed5cb4cf9c9f810bfc"

[[package]]
name = "arrayref"
version = "0.3.9"
source = "registry+https://github.com/rust-lang/crates.io-index"
checksum = "76a2e8124351fda1ef8aaaa3bbd7ebbcb486bbcd4225aca0aa0d84bb2db8fecb"

[[package]]
name = "arrayvec"
version = "0.7.6"
source = "registry+https://github.com/rust-lang/crates.io-index"
checksum = "7c02d123df017efcdfbd739ef81735b36c5ba83ec3c59c80a9d7ecc718f92e50"

[[package]]
name = "autocfg"
version = "1.5.0"
source = "registry+https://github.com/rust-lang/crates.io-index"
checksum = "c08606f8c3cbf4ce6ec8e28fb0014a2c086708fe954eaa885384a6165172e7e8"

[[package]]
name = "bitvec"
version = "1.0.1"
source = "registry+https://github.com/rust-lang/crates.io-index"
checksum = "1bc2832c24239b0141d5674bb9174f9d68a8b5b3f2753311927c172ca46f7e9c"
dependencies = [
 "funty",
 "radium",
 "tap",
 "wyz",
]

[[package]]
name = "blake2"
version = "0.9.2"
source = "registry+https://github.com/rust-lang/crates.io-index"
checksum = "0a4e37d16930f5459780f5621038b6382b9bb37c19016f39fb6b5808d831f174"
dependencies = [
 "crypto-mac",
 "digest 0.9.0",
 "opaque-debug",
]

[[package]]
name = "blake2"
version = "0.10.6"
source = "registry+https://github.com/rust-lang/crates.io-index"
checksum = "46502ad458c9a52b69d4d4d32775c788b7a1b85e8bc9d482d92250fc0e3f8efe"
dependencies = [
 "digest 0.10.7",
]

[[package]]
name = "block-buffer"
version = "0.10.4"
source = "registry+https://github.com/rust-lang/crates.io-index"
checksum = "3078c7629b62d3f0439517fa394996acacc5cbc91c5a20d8c658e77abd503a71"
dependencies = [
 "generic-array",
]

[[package]]
name = "byte-slice-cast"
version = "1.2.3"
source = "registry+https://github.com/rust-lang/crates.io-index"
checksum = "7575182f7272186991736b70173b0ea045398f984bf5ebbb3804736ce1330c9d"

[[package]]
name = "camino"
version = "1.2.2"
source = "registry+https://github.com/rust-lang/crates.io-index"
checksum = "e629a66d692cb9ff1a1c664e41771b3dcaf961985a9774c0eb0bd1b51cf60a48"
dependencies = [
 "serde_core",
]

[[package]]
name = "cargo-platform"
version = "0.1.9"
source = "registry+https://github.com/rust-lang/crates.io-index"
checksum = "e35af189006b9c0f00a064685c727031e3ed2d8020f7ba284d78cc2671bd36ea"
dependencies = [
 "serde",
]

[[package]]
name = "cargo_metadata"
version = "0.13.1"
source = "registry+https://github.com/rust-lang/crates.io-index"
checksum = "081e3f0755c1f380c2d010481b6fa2e02973586d5f2b24eebb7a2a1d98b143d8"
dependencies = [
 "camino",
 "cargo-platform",
 "semver",
 "semver-parser",
 "serde",
 "serde_json",
]

[[package]]
name = "cc"
version = "1.2.54"
source = "registry+https://github.com/rust-lang/crates.io-index"
checksum = "6354c81bbfd62d9cfa9cb3c773c2b7b2a3a482d569de977fd0e961f6e7c00583"
dependencies = [
 "find-msvc-tools",
 "shlex",
]

[[package]]
name = "cfg-if"
version = "1.0.4"
source = "registry+https://github.com/rust-lang/crates.io-index"
checksum = "9330f8b2ff13f34540b44e946ef35111825727b38d33286ef986142615121801"

[[package]]
name = "channel"
version = "0.0.1"
dependencies = [
 "ink",
 "ink_prelude 3.4.0",
 "openbrush",
 "parity-scale-codec",
 "pidchat_pkg",
 "scale-info",
]

[[package]]
name = "const_format"
version = "0.2.35"
source = "registry+https://github.com/rust-lang/crates.io-index"
checksum = "7faa7469a93a566e9ccc1c73fe783b4a65c274c5ace346038dca9c39fe0030ad"
dependencies = [
 "const_format_proc_macros",
]

[[package]]
name = "const_format_proc_macros"
version = "0.2.34"
source = "registry+https://github.com/rust-lang/crates.io-index"
checksum = "1d57c2eccfb16dbac1f4e61e206105db5820c9d26c3c472bc17c774259ef7744"
dependencies = [
 "proc-macro2",
 "quote",
 "unicode-xid",
]

[[package]]
name = "cpufeatures"
version = "0.2.17"
source = "registry+https://github.com/rust-lang/crates.io-index"
checksum = "59ed5838eebb26a2bb2e58f6d5b5316989ae9d08bab10e0e6d103e656d1b0280"
dependencies = [
 "libc",
]

[[package]]
name = "crypto-common"
version = "0.1.7"
source = "registry+https://github.com/rust-lang/crates.io-index"
checksum = "78c8292055d1c1df0cce5d180393dc8cce0abec0a7102adb6c7b1eef6016d60a"
dependencies = [
 "generic-array",
 "typenum",
]

[[package]]
name = "crypto-mac"
version = "0.8.0"
source = "registry+https://github.com/rust-lang/crates.io-index"
checksum = "b584a330336237c1eecd3e94266efb216c56ed91225d634cb2991c5f3fd1aeab"
dependencies = [
 "generic-array",
 "subtle",
]

[[package]]
name = "darling"
version = "0.14.4"
source = "registry+https://github.com/rust-lang/crates.io-index"
checksum = "7b750cb3417fd1b327431a470f388520309479ab0bf5e323505daf0290cd3850"
dependencies = [
 "darling_core",
 "darling_macro",
]

[[package]]
name = "darling_core"
version = "0.14.4"
source = "registry+https://github.com/rust-lang/crates.io-index"
checksum = "109c1ca6e6b7f82cc233a97004ea8ed7ca123a9af07a8230878fcfda9b158bf0"
dependencies = [
 "fnv",
 "ident_case",
 "proc-macro2",
 "quote",
 "strsim",
 "syn 1.0.109",
]

[[package]]
name = "darling_macro"
version = "0.14.4"
source = "registry+https://github.com/rust-lang/crates.io-index"
checksum = "a4aab4dbc9f7611d8b55048a3a16d2d010c2c8334e46304b40ac1cc14bf3b48e"
dependencies = [
 "darling_core",
 "quote",
 "syn 1.0.109",
]

[[package]]
name = "derive_more"
version = "0.99.20"
source = "registry+https://github.com/rust-lang/crates.io-index"
checksum = "6edb4b64a43d977b8e99788fe3a04d483834fba1215a7e02caa415b626497f7f"
dependencies = [
 "proc-macro2",
 "quote",
 "syn 2.0.114",
]

[[package]]
name = "derive_more"
version = "1.0.0"
source = "registry+https://github.com/rust-lang/crates.io-index"
checksum = "4a9b99b9cbbe49445b21764dc0625032a89b145a2642e67603e1c936f5458d05"
dependencies = [
 "derive_more-impl",
]

[[package]]
name = "derive_more-impl"
version = "1.0.0"
source = "registry+https://github.com/rust-lang/crates.io-index"
checksum = "cb7330aeadfbe296029522e6c40f315320aba36fc43a5b3632f3795348f3bd22"
dependencies = [
 "proc-macro2",
 "quote",
 "syn 2.0.114",
]

[[package]]
name = "digest"
version = "0.9.0"
source = "registry+https://github.com/rust-lang/crates.io-index"
checksum = "d3dd60d1080a57a05ab032377049e0591415d2b31afd7028356dbf3cc6dcb066"
dependencies = [
 "generic-array",
]

[[package]]
name = "digest"
version = "0.10.7"
source = "registry+https://github.com/rust-lang/crates.io-index"
checksum = "9ed9a281f7bc9b7576e61468ba615a66a5c8cfdff42420a70aa82701a3b1e292"
dependencies = [
 "block-buffer",
 "crypto-common",
 "subtle",
]

[[package]]
name = "either"
version = "1.15.0"
source = "registry+https://github.com/rust-lang/crates.io-index"
checksum = "48c757948c5ede0e46177b7add2e67155f70e33c07fea8284df6576da70b3719"

[[package]]
name = "env_logger"
version = "0.10.2"
source = "registry+https://github.com/rust-lang/crates.io-index"
checksum = "4cd405aab171cb85d6735e5c8d9db038c17d3ca007a4d2c25f337935c3d90580"
dependencies = [
 "humantime",
 "is-terminal",
 "log",
 "regex",
 "termcolor",
]

[[package]]
name = "equivalent"
version = "1.0.2"
source = "registry+https://github.com/rust-lang/crates.io-index"
checksum = "877a4ace8713b0bcf2a4e7eec82529c029f1d0619886d18145fea96c3ffe5c0f"

[[package]]
name = "find-msvc-tools"
version = "0.1.8"
source = "registry+https://github.com/rust-lang/crates.io-index"
checksum = "8591b0bcc8a98a64310a2fae1bb3e9b8564dd10e381e6e28010fde8e8e8568db"

[[package]]
name = "fnv"
version = "1.0.7"
source = "registry+https://github.com/rust-lang/crates.io-index"
checksum = "3f9eec918d3f24069decb9af1554cad7c880e2da24a9afd88aca000531ab82c1"

[[package]]
name = "fs2"
version = "0.4.3"
source = "registry+https://github.com/rust-lang/crates.io-index"
checksum = "9564fc758e15025b46aa6643b1b77d047d1a56a1aea6e01002ac0c7026876213"
dependencies = [
 "libc",
 "winapi",
]

[[package]]
name = "funty"
version = "2.0.0"
source = "registry+https://github.com/rust-lang/crates.io-index"
checksum = "e6d5a32815ae3f33302d95fdcb2ce17862f8c65363dcfd29360480ba1001fc9c"

[[package]]
name = "generic-array"
version = "0.14.7"
source = "registry+https://github.com/rust-lang/crates.io-index"
checksum = "85649ca51fd72272d7821adaf274ad91c288277713d9c18820d8499a7ff69e9a"
dependencies = [
 "typenum",
 "version_check",
]

[[package]]
name = "governance"
version = "0.0.1"
dependencies = [
 "channel",
 "ink",
 "ink_prelude 3.4.0",
 "openbrush",
 "parity-scale-codec",
 "pidchat_pkg",
 "scale-info",
]

[[package]]
name = "hashbrown"
version = "0.16.1"
source = "registry+https://github.com/rust-lang/crates.io-index"
checksum = "841d1cc9bed7f9236f321df977030373f4a4163ae1a7dbfe1a51a2c1a51d9100"

[[package]]
name = "heck"
version = "0.3.3"
source = "registry+https://github.com/rust-lang/crates.io-index"
checksum = "6d621efb26863f0e9924c6ac577e8275e5e6b77455db64ffa6c65c904e9e132c"
dependencies = [
 "unicode-segmentation",
]

[[package]]
name = "heck"
version = "0.4.1"
source = "registry+https://github.com/rust-lang/crates.io-index"
checksum = "95505c38b4572b2d910cecb0281560f54b440a19336cbbcb27bf6ce6adc6f5a8"

[[package]]
name = "hermit-abi"
version = "0.5.2"
source = "registry+https://github.com/rust-lang/crates.io-index"
checksum = "fc0fef456e4baa96da950455cd02c081ca953b141298e41db3fc7e36b1da849c"

[[package]]
name = "humantime"
version = "2.3.0"
source = "registry+https://github.com/rust-lang/crates.io-index"
checksum = "135b12329e5e3ce057a9f972339ea52bc954fe1e9358ef27f95e89716fbc5424"

[[package]]
name = "ident_case"
version = "1.0.1"
source = "registry+https://github.com/rust-lang/crates.io-index"
checksum = "b9e0384b61958566e926dc50660321d12159025e767c18e043daf26b70104c39"

[[package]]
name = "impl-serde"
version = "0.4.0"
source = "registry+https://github.com/rust-lang/crates.io-index"
checksum = "ebc88fc67028ae3db0c853baa36269d398d5f45b6982f95549ff5def78c935cd"
dependencies = [
 "serde",
]

[[package]]
name = "impl-trait-for-tuples"
version = "0.2.3"
source = "registry+https://github.com/rust-lang/crates.io-index"
checksum = "a0eb5a3343abf848c0984fe4604b2b105da9539376e24fc0a3b0007411ae4fd9"
dependencies = [
 "proc-macro2",
 "quote",
 "syn 2.0.114",
]

[[package]]
name = "indexmap"
version = "2.13.0"
source = "registry+https://github.com/rust-lang/crates.io-index"
checksum = "7714e70437a7dc3ac8eb7e6f8df75fd8eb422675fc7678aff7364301092b1017"
dependencies = [
 "equivalent",
 "hashbrown",
]

[[package]]
name = "ink"
version = "4.3.0"
source = "registry+https://github.com/rust-lang/crates.io-index"
checksum = "e9fd4f77d66c94aa7f27a7cf41cd2edbc2229afe34ec475c3f32b6e8fdf561a0"
dependencies = [
 "derive_more 0.99.20",
 "ink_env",
 "ink_macro",
 "ink_metadata",
 "ink_prelude 4.3.0",
 "ink_primitives",
 "ink_storage",
 "parity-scale-codec",
]

[[package]]
name = "ink_allocator"
version = "4.3.0"
source = "registry+https://github.com/rust-lang/crates.io-index"
checksum = "870914970470fd77a3f42d3c5d1918b562817af127fd063ee8b1d9fbf59aa1fe"
dependencies = [
 "cfg-if",
]

[[package]]
name = "ink_codegen"
version = "4.3.0"
source = "registry+https://github.com/rust-lang/crates.io-index"
checksum = "22d79057b2565df31a10af6510a44b161093f110c5f9c22ad02c20af9cea4c29"
dependencies = [
 "blake2 0.10.6",
 "derive_more 0.99.20",
 "either",
 "env_logger",
 "heck 0.4.1",
 "impl-serde",
 "ink_ir",
 "ink_primitives",
 "itertools",
 "log",
 "parity-scale-codec",
 "proc-macro2",
 "quote",
 "serde",
 "serde_json",
 "syn 2.0.114",
]

[[package]]
name = "ink_engine"
version = "4.3.0"
source = "registry+https://github.com/rust-lang/crates.io-index"
checksum = "722ec3a5eb557124b001c60ff8f961079f6d566af643edea579f152b15822fe5"
dependencies = [
 "blake2 0.10.6",
 "derive_more 0.99.20",
 "ink_primitives",
 "parity-scale-codec",
 "secp256k1",
 "sha2",
 "sha3",
]

[[package]]
name = "ink_env"
version = "4.3.0"
source = "registry+https://github.com/rust-lang/crates.io-index"
checksum = "584e73bc0982f6f1a067bb63ebc75262f6dc54ed2a17060efa73eaba84dc9308"
dependencies = [
 "arrayref",
 "blake2 0.10.6",
 "cfg-if",
 "derive_more 0.99.20",
 "ink_allocator",
 "ink_engine",
 "ink_prelude 4.3.0",
 "ink_primitives",
 "ink_storage_traits",
 "num-traits",
 "parity-scale-codec",
 "paste",
 "rlibc",
 "scale-decode",
 "scale-encode",
 "scale-info",
 "secp256k1",
 "sha2",
 "sha3",
 "static_assertions",
]

[[package]]
name = "ink_ir"
version = "4.3.0"
source = "registry+https://github.com/rust-lang/crates.io-index"
checksum = "5b529c941518e8f450395fab9fe8ebba0a7acbb18778fc7e0a87f6248286ec72"
dependencies = [
 "blake2 0.10.6",
 "either",
 "itertools",
 "proc-macro2",
 "quote",
 "syn 2.0.114",
]

[[package]]
name = "ink_macro"
version = "4.3.0"
source = "registry+https://github.com/rust-lang/crates.io-index"
checksum = "8579576c995ca9baa032584beca19155cbd63b6739570aa9da4d35a0415f4be8"
dependencies = [
 "ink_codegen",
 "ink_ir",
 "ink_primitives",
 "parity-scale-codec",
 "proc-macro2",
 "quote",
 "syn 2.0.114",
 "synstructure 0.13.2",
]

[[package]]
name = "ink_metadata"
version = "4.3.0"
source = "registry+https://github.com/rust-lang/crates.io-index"
checksum = "3fddff95ce3e01f42002fdaf96edda691dbccb08c9ae76d7101daa1fa634e601"
dependencies = [
 "derive_more 0.99.20",
 "impl-serde",
 "ink_prelude 4.3.0",
 "ink_primitives",
 "scale-info",
 "serde",
]

[[package]]
name = "ink_prelude"
version = "3.4.0"
source = "registry+https://github.com/rust-lang/crates.io-index"
checksum = "1f031e6b8495594a7288b089bf4122e76c26b994959d1b2b693bdfe846b14c0e"
dependencies = [
 "cfg-if",
]

[[package]]
name = "ink_prelude"
version = "4.3.0"
source = "registry+https://github.com/rust-lang/crates.io-index"
checksum = "d8cfdf91d2b442f08efb34dd3780fd6fbd3d033f63b42f62684fe47534948ef6"
dependencies = [
 "cfg-if",
]

[[package]]
name = "ink_primitives"
version = "4.3.0"
source = "registry+https://github.com/rust-lang/crates.io-index"
checksum = "6414bcad12ebf0c3abbbb192a09e4d06e22f662cf3e19545204e1b0684be12a1"
dependencies = [
 "derive_more 0.99.20",
 "ink_prelude 4.3.0",
 "parity-scale-codec",
 "scale-decode",
 "scale-encode",
 "scale-info",
 "xxhash-rust",
]

[[package]]
name = "ink_storage"
version = "4.3.0"
source = "registry+https://github.com/rust-lang/crates.io-index"
checksum = "bd728409de235de0489f71ee2d1beb320613fdb50dda9fa1c564825f4ad06daa"
dependencies = [
 "array-init",
 "cfg-if",
 "derive_more 0.99.20",
 "ink_env",
 "ink_metadata",
 "ink_prelude 4.3.0",
 "ink_primitives",
 "ink_storage_traits",
 "parity-scale-codec",
 "scale-info",
]

[[package]]
name = "ink_storage_traits"
version = "4.3.0"
source = "registry+https://github.com/rust-lang/crates.io-index"
checksum = "a8dcb50f70377ac35c28d63b06383a0a3cbb79542ea4cdc5b00e3e2b3de4a549"
dependencies = [
 "ink_metadata",
 "ink_prelude 4.3.0",
 "ink_primitives",
 "parity-scale-codec",
 "scale-info",
]

[[package]]
name = "is-terminal"
version = "0.4.17"
source = "registry+https://github.com/rust-lang/crates.io-index"
checksum = "3640c1c38b8e4e43584d8df18be5fc6b0aa314ce6ebf51b53313d4306cca8e46"
dependencies = [
 "hermit-abi",
 "libc",
 "windows-sys",
]

[[package]]
name = "itertools"
version = "0.10.5"
source = "registry+https://github.com/rust-lang/crates.io-index"
checksum = "b0fd2260e829bddf4cb6ea802289de2f86d6a7a690192fbe91b3f46e0f2c8473"
dependencies = [
 "either",
]

[[package]]
name = "itoa"
version = "1.0.17"
source = "registry+https://github.com/rust-lang/crates.io-index"
checksum = "92ecc6618181def0457392ccd0ee51198e065e016d1d527a7ac1b6dc7c1f09d2"

[[package]]
name = "keccak"
version = "0.1.5"
source = "registry+https://github.com/rust-lang/crates.io-index"
checksum = "ecc2af9a1119c51f12a14607e783cb977bde58bc069ff0c3da1095e635d70654"
dependencies = [
 "cpufeatures",
]

[[package]]
name = "libc"
version = "0.2.180"
source = "registry+https://github.com/rust-lang/crates.io-index"
checksum = "bcc35a38544a891a5f7c865aca548a982ccb3b8650a5b06d0fd33a10283c56fc"

[[package]]
name = "log"
version = "0.4.29"
source = "registry+https://github.com/rust-lang/crates.io-index"
checksum = "5e5032e24019045c762d3c0f28f5b6b8bbf38563a65908389bf7978758920897"

[[package]]
name = "memchr"
version = "2.7.6"
source = "registry+https://github.com/rust-lang/crates.io-index"
checksum = "f52b00d39961fc5b2736ea853c9cc86238e165017a493d1d5c8eac6bdc4cc273"

[[package]]
name = "num-traits"
version = "0.2.19"
source = "registry+https://github.com/rust-lang/crates.io-index"
checksum = "071dfc062690e90b734c0b2273ce72ad0ffa95f0c74596bc250dcfd960262841"
dependencies = [
 "autocfg",
]

[[package]]
name = "obce"
version = "0.1.0"
source = "git+https://github.com/727-Ventures/obce?branch=polkadot-v0.9.37#d452f6eda1bc1ecb36e7e332d61529ad440d5a89"
dependencies = [
 "ink",
 "ink_engine",
 "obce-macro",
 "parity-scale-codec",
 "scale-info",
]

[[package]]
name = "obce-codegen"
version = "0.1.0"
source = "git+https://github.com/727-Ventures/obce?branch=polkadot-v0.9.37#d452f6eda1bc1ecb36e7e332d61529ad440d5a89"
dependencies = [
 "blake2 0.10.6",
 "itertools",
 "proc-macro2",
 "quote",
 "syn 1.0.109",
 "tuple",
]

[[package]]
name = "obce-macro"
version = "0.1.0"
source = "git+https://github.com/727-Ventures/obce?branch=polkadot-v0.9.37#d452f6eda1bc1ecb36e7e332d61529ad440d5a89"
dependencies = [
 "obce-codegen",
 "proc-macro2",
 "syn 1.0.109",
 "synstructure 0.12.6",
]

[[package]]
name = "once_cell"
version = "1.21.3"
source = "registry+https://github.com/rust-lang/crates.io-index"
checksum = "42f5e15c9953c5e4ccceeb2e7382a716482c34515315f7b03532b8b4e8393d2d"

[[package]]
name = "opaque-debug"
version = "0.3.1"
source = "registry+https://github.com/rust-lang/crates.io-index"
checksum = "c08d65885ee38876c4f86fa503fb49d7b507c2b62552df7c70b2fce627e06381"

[[package]]
name = "openbrush"
version = "4.0.0-beta"
source = "git+https://github.com/Brushfam/openbrush-contracts?tag=4.0.0-beta#553347354de6d0ead6a335ba4c197bdd01fb2d12"
dependencies = [
 "ink",
 "openbrush_contracts",
 "openbrush_lang",
 "parity-scale-codec",
 "scale-info",
]

[[package]]
name = "openbrush_contracts"
version = "4.0.0-beta"
source = "git+https://github.com/Brushfam/openbrush-contracts?tag=4.0.0-beta#553347354de6d0ead6a335ba4c197bdd01fb2d12"
dependencies = [
 "ink",
 "openbrush_lang",
 "pallet-assets-chain-extension",
 "parity-scale-codec",
 "scale-info",
]

[[package]]
name = "openbrush_lang"
version = "4.0.0-beta"
source = "git+https://github.com/Brushfam/openbrush-contracts?tag=4.0.0-beta#553347354de6d0ead6a335ba4c197bdd01fb2d12"
dependencies = [
 "const_format",
 "ink",
 "openbrush_lang_macro",
 "parity-scale-codec",
 "scale-info",
 "xxhash-rust",
]

[[package]]
name = "openbrush_lang_codegen"
version = "4.0.0-beta"
source = "git+https://github.com/Brushfam/openbrush-contracts?tag=4.0.0-beta#553347354de6d0ead6a335ba4c197bdd01fb2d12"
dependencies = [
 "blake2 0.9.2",
 "cargo_metadata",
 "fs2",
 "heck 0.3.3",
 "ink_ir",
 "ink_primitives",
 "proc-macro2",
 "quote",
 "serde",
 "serde_json",
 "syn 1.0.109",
 "synstructure 0.12.6",
 "unwrap",
]

[[package]]
name = "openbrush_lang_macro"
version = "4.0.0-beta"
source = "git+https://github.com/Brushfam/openbrush-contracts?tag=4.0.0-beta#553347354de6d0ead6a335ba4c197bdd01fb2d12"
dependencies = [
 "openbrush_lang_codegen",
 "proc-macro2",
 "syn 1.0.109",
 "synstructure 0.12.6",
]

[[package]]
name = "pallet-assets-chain-extension"
version = "0.1.1"
source = "git+https://github.com/Brushfam/pallet-assets-chain-extension?branch=polkadot-v0.9.37#f8ea374186df2a3fc139c8d585719e58d83df582"
dependencies = [
 "ink",
 "obce",
 "parity-scale-codec",
 "scale-info",
]

[[package]]
name = "parity-scale-codec"
version = "3.7.5"
source = "registry+https://github.com/rust-lang/crates.io-index"
checksum = "799781ae679d79a948e13d4824a40970bfa500058d245760dd857301059810fa"
dependencies = [
 "arrayvec",
 "bitvec",
 "byte-slice-cast",
 "const_format",
 "impl-trait-for-tuples",
 "parity-scale-codec-derive",
 "rustversion",
 "serde",
]

[[package]]
name = "parity-scale-codec-derive"
version = "3.7.5"
source = "registry+https://github.com/rust-lang/crates.io-index"
checksum = "34b4653168b563151153c9e4c08ebed57fb8262bebfa79711552fa983c623e7a"
dependencies = [
 "proc-macro-crate 3.4.0",
 "proc-macro2",
 "quote",
 "syn 2.0.114",
]

[[package]]
name = "paste"
version = "1.0.15"
source = "registry+https://github.com/rust-lang/crates.io-index"
checksum = "57c0d7b74b563b49d38dae00a0c37d4d6de9b432382b2892f0574ddcae73fd0a"

[[package]]
name = "pest"
version = "2.8.5"
source = "registry+https://github.com/rust-lang/crates.io-index"
checksum = "2c9eb05c21a464ea704b53158d358a31e6425db2f63a1a7312268b05fe2b75f7"
dependencies = [
 "memchr",
 "ucd-trie",
]

[[package]]
name = "pidchat_pkg"
version = "0.0.1"
dependencies = [
 "ink",
 "ink_prelude 3.4.0",
 "ink_storage",
 "openbrush",
 "parity-scale-codec",
 "scale-info",
]

[[package]]
name = "proc-macro-crate"
version = "1.3.1"
source = "registry+https://github.com/rust-lang/crates.io-index"
checksum = "7f4c021e1093a56626774e81216a4ce732a735e5bad4868a03f3ed65ca0c3919"
dependencies = [
 "once_cell",
 "toml_edit 0.19.15",
]

[[package]]
name = "proc-macro-crate"
version = "3.4.0"
source = "registry+https://github.com/rust-lang/crates.io-index"
checksum = "219cb19e96be00ab2e37d6e299658a0cfa83e52429179969b0f0121b4ac46983"
dependencies = [
 "toml_edit 0.23.10+spec-1.0.0",
]

[[package]]
name = "proc-macro2"
version = "1.0.106"
source = "registry+https://github.com/rust-lang/crates.io-index"
checksum = "8fd00f0bb2e90d81d1044c2b32617f68fcb9fa3bb7640c23e9c748e53fb30934"
dependencies = [
 "unicode-ident",
]

[[package]]
name = "quote"
version = "1.0.44"
source = "registry+https://github.com/rust-lang/crates.io-index"
checksum = "21b2ebcf727b7760c461f091f9f0f539b77b8e87f2fd88131e7f1b433b3cece4"
dependencies = [
 "proc-macro2",
]

[[package]]
name = "radium"
version = "0.7.0"
source = "registry+https://github.com/rust-lang/crates.io-index"
checksum = "dc33ff2d4973d518d823d61aa239014831e521c75da58e3df4840d3f47749d09"

[[package]]
name = "regex"
version = "1.12.2"
source = "registry+https://github.com/rust-lang/crates.io-index"
checksum = "843bc0191f75f3e22651ae5f1e72939ab2f72a4bc30fa80a066bd66edefc24d4"
dependencies = [
 "aho-corasick",
 "memchr",
 "regex-automata",
 "regex-syntax",
]

[[package]]
name = "regex-automata"
version = "0.4.13"
source = "registry+https://github.com/rust-lang/crates.io-index"
checksum = "5276caf25ac86c8d810222b3dbb938e512c55c6831a10f3e6ed1c93b84041f1c"
dependencies = [
 "aho-corasick",
 "memchr",
 "regex-syntax",
]

[[package]]
name = "regex-syntax"
version = "0.8.8"
source = "registry+https://github.com/rust-lang/crates.io-index"
checksum = "7a2d987857b319362043e95f5353c0535c1f58eec5336fdfcf626430af7def58"

[[package]]
name = "rlibc"
version = "1.0.0"
source = "registry+https://github.com/rust-lang/crates.io-index"
checksum = "fc874b127765f014d792f16763a81245ab80500e2ad921ed4ee9e82481ee08fe"

[[package]]
name = "rustversion"
version = "1.0.22"
source = "registry+https://github.com/rust-lang/crates.io-index"
checksum = "b39cdef0fa800fc44525c84ccb54a029961a8215f9619753635a9c0d2538d46d"

[[package]]
name = "scale-bits"
version = "0.4.0"
source = "registry+https://github.com/rust-lang/crates.io-index"
checksum = "036575c29af9b6e4866ffb7fa055dbf623fe7a9cc159b33786de6013a6969d89"
dependencies = [
 "parity-scale-codec",
 "scale-info",
]

[[package]]
name = "scale-decode"
version = "0.9.0"
source = "registry+https://github.com/rust-lang/crates.io-index"
checksum = "7789f5728e4e954aaa20cadcc370b99096fb8645fca3c9333ace44bb18f30095"
dependencies = [
 "derive_more 0.99.20",
 "parity-scale-codec",
 "scale-bits",
 "scale-decode-derive",
 "scale-info",
 "smallvec",
]

[[package]]
name = "scale-decode-derive"
version = "0.9.0"
source = "registry+https://github.com/rust-lang/crates.io-index"
checksum = "27873eb6005868f8cc72dcfe109fae664cf51223d35387bc2f28be4c28d94c47"
dependencies = [
 "darling",
 "proc-macro-crate 1.3.1",
 "proc-macro2",
 "quote",
 "syn 1.0.109",
]

[[package]]
name = "scale-encode"
version = "0.5.0"
source = "registry+https://github.com/rust-lang/crates.io-index"
checksum = "6d70cb4b29360105483fac1ed567ff95d65224a14dd275b6303ed0a654c78de5"
dependencies = [
 "derive_more 0.99.20",
 "parity-scale-codec",
 "scale-encode-derive",
 "scale-info",
 "smallvec",
]

[[package]]
name = "scale-encode-derive"
version = "0.5.0"
source = "registry+https://github.com/rust-lang/crates.io-index"
checksum = "995491f110efdc6bea96d6a746140e32bfceb4ea47510750a5467295a4707a25"
dependencies = [
 "darling",
 "proc-macro-crate 1.3.1",
 "proc-macro2",
 "quote",
 "syn 1.0.109",
]

[[package]]
name = "scale-info"
version = "2.11.6"
source = "registry+https://github.com/rust-lang/crates.io-index"
checksum = "346a3b32eba2640d17a9cb5927056b08f3de90f65b72fe09402c2ad07d684d0b"
dependencies = [
 "bitvec",
 "cfg-if",
 "derive_more 1.0.0",
 "parity-scale-codec",
 "scale-info-derive",
 "serde",
]

[[package]]
name = "scale-info-derive"
version = "2.11.6"
source = "registry+https://github.com/rust-lang/crates.io-index"
checksum = "c6630024bf739e2179b91fb424b28898baf819414262c5d376677dbff1fe7ebf"
dependencies = [
 "proc-macro-crate 3.4.0",
 "proc-macro2",
 "quote",
 "syn 2.0.114",
]

[[package]]
name = "secp256k1"
version = "0.27.0"
source = "registry+https://github.com/rust-lang/crates.io-index"
checksum = "25996b82292a7a57ed3508f052cfff8640d38d32018784acd714758b43da9c8f"
dependencies = [
 "secp256k1-sys",
]

[[package]]
name = "secp256k1-sys"
version = "0.8.2"
source = "registry+https://github.com/rust-lang/crates.io-index"
checksum = "4473013577ec77b4ee3668179ef1186df3146e2cf2d927bd200974c6fe60fd99"
dependencies = [
 "cc",
]

[[package]]
name = "semver"
version = "0.11.0"
source = "registry+https://github.com/rust-lang/crates.io-index"
checksum = "f301af10236f6df4160f7c3f04eec6dbc70ace82d23326abad5edee88801c6b6"
dependencies = [
 "semver-parser",
 "serde",
]

[[package]]
name = "semver-parser"
version = "0.10.3"
source = "registry+https://github.com/rust-lang/crates.io-index"
checksum = "9900206b54a3527fdc7b8a938bffd94a568bac4f4aa8113b209df75a09c0dec2"
dependencies = [
 "pest",
]

[[package]]
name = "serde"
version = "1.0.228"
source = "registry+https://github.com/rust-lang/crates.io-index"
checksum = "9a8e94ea7f378bd32cbbd37198a4a91436180c5bb472411e48b5ec2e2124ae9e"
dependencies = [
 "serde_core",
 "serde_derive",
]

[[package]]
name = "serde_core"
version = "1.0.228"
source = "registry+https://github.com/rust-lang/crates.io-index"
checksum = "41d385c7d4ca58e59fc732af25c3983b67ac852c1a25000afe1175de458b67ad"
dependencies = [
 "serde_derive",
]

[[package]]
name = "serde_derive"
version = "1.0.228"
source = "registry+https://github.com/rust-lang/crates.io-index"
checksum = "d540f220d3187173da220f885ab66608367b6574e925011a9353e4badda91d79"
dependencies = [
 "proc-macro2",
 "quote",
 "syn 2.0.114",
]

[[package]]
name = "serde_json"
version = "1.0.149"
source = "registry+https://github.com/rust-lang/crates.io-index"
checksum = "83fc039473c5595ace860d8c4fafa220ff474b3fc6bfdb4293327f1a37e94d86"
dependencies = [
 "itoa",
 "memchr",
 "serde",
 "serde_core",
 "zmij",
]

[[package]]
name = "sha2"
version = "0.10.9"
source = "registry+https://github.com/rust-lang/crates.io-index"
checksum = "a7507d819769d01a365ab707794a4084392c824f54a7a6a7862f8c3d0892b283"
dependencies = [
 "cfg-if",
 "cpufeatures",
 "digest 0.10.7",
]

[[package]]
name = "sha3"
version = "0.10.8"
source = "registry+https://github.com/rust-lang/crates.io-index"
checksum = "75872d278a8f37ef87fa0ddbda7802605cb18344497949862c0d4dcb291eba60"
dependencies = [
 "digest 0.10.7",
 "keccak",
]

[[package]]
name = "shlex"
version = "1.3.0"
source = "registry+https://github.com/rust-lang/crates.io-index"
checksum = "0fda2ff0d084019ba4d7c6f371c95d8fd75ce3524c3cb8fb653a3023f6323e64"

[[package]]
name = "smallvec"
version = "1.15.1"
source = "registry+https://github.com/rust-lang/crates.io-index"
checksum = "67b1b7a3b5fe4f1376887184045fcf45c69e92af734b7aaddc05fb777b6fbd03"

[[package]]
name = "static_assertions"
version = "1.1.0"
source = "registry+https://github.com/rust-lang/crates.io-index"
checksum = "a2eb9349b6444b326872e140eb1cf5e7c522154d69e7a0ffb0fb81c06b37543f"

[[package]]
name = "strsim"
version = "0.10.0"
source = "registry+https://github.com/rust-lang/crates.io-index"
checksum = "73473c0e59e6d5812c5dfe2a064a6444949f089e20eec9a2e5506596494e4623"

[[package]]
name = "subtle"
version = "2.6.1"
source = "registry+https://github.com/rust-lang/crates.io-index"
checksum = "13c2bddecc57b384dee18652358fb23172facb8a2c51ccc10d74c157bdea3292"

[[package]]
name = "syn"
version = "1.0.109"
source = "registry+https://github.com/rust-lang/crates.io-index"
checksum = "72b64191b275b66ffe2469e8af2c1cfe3bafa67b529ead792a6d0160888b4237"
dependencies = [
 "proc-macro2",
 "quote",
 "unicode-ident",
]

[[package]]
name = "syn"
version = "2.0.114"
source = "registry+https://github.com/rust-lang/crates.io-index"
checksum = "d4d107df263a3013ef9b1879b0df87d706ff80f65a86ea879bd9c31f9b307c2a"
dependencies = [
 "proc-macro2",
 "quote",
 "unicode-ident",
]

[[package]]
name = "synstructure"
version = "0.12.6"
source = "registry+https://github.com/rust-lang/crates.io-index"
checksum = "f36bdaa60a83aca3921b5259d5400cbf5e90fc51931376a9bd4a0eb79aa7210f"
dependencies = [
 "proc-macro2",
 "quote",
 "syn 1.0.109",
 "unicode-xid",
]

[[package]]
name = "synstructure"
version = "0.13.2"
source = "registry+https://github.com/rust-lang/crates.io-index"
checksum = "728a70f3dbaf5bab7f0c4b1ac8d7ae5ea60a4b5549c8a5914361c99147a709d2"
dependencies = [
 "proc-macro2",
 "quote",
 "syn 2.0.114",
]

[[package]]
name = "tap"
version = "1.0.1"
source = "registry+https://github.com/rust-lang/crates.io-index"
checksum = "55937e1799185b12863d447f42597ed69d9928686b8d88a1df17376a097d8369"

[[package]]
name = "termcolor"
version = "1.4.1"
source = "registry+https://github.com/rust-lang/crates.io-index"
checksum = "06794f8f6c5c898b3275aebefa6b8a1cb24cd2c6c79397ab15774837a0bc5755"
dependencies = [
 "winapi-util",
]

[[package]]
name = "toml_datetime"
version = "0.6.11"
source = "registry+https://github.com/rust-lang/crates.io-index"
checksum = "22cddaf88f4fbc13c51aebbf5f8eceb5c7c5a9da2ac40a13519eb5b0a0e8f11c"

[[package]]
name = "toml_datetime"
version = "0.7.5+spec-1.1.0"
source = "registry+https://github.com/rust-lang/crates.io-index"
checksum = "92e1cfed4a3038bc5a127e35a2d360f145e1f4b971b551a2ba5fd7aedf7e1347"
dependencies = [
 "serde_core",
]

[[package]]
name = "toml_edit"
version = "0.19.15"
source = "registry+https://github.com/rust-lang/crates.io-index"
checksum = "1b5bb770da30e5cbfde35a2d7b9b8a2c4b8ef89548a7a6aeab5c9a576e3e7421"
dependencies = [
 "indexmap",
 "toml_datetime 0.6.11",
 "winnow 0.5.40",
]

[[package]]
name = "toml_edit"
version = "0.23.10+spec-1.0.0"
source = "registry+https://github.com/rust-lang/crates.io-index"
checksum = "84c8b9f757e028cee9fa244aea147aab2a9ec09d5325a9b01e0a49730c2b5269"
dependencies = [
 "indexmap",
 "toml_datetime 0.7.5+spec-1.1.0",
 "toml_parser",
 "winnow 0.7.14",
]

[[package]]
name = "toml_parser"
version = "1.0.6+spec-1.1.0"
source = "registry+https://github.com/rust-lang/crates.io-index"
checksum = "a3198b4b0a8e11f09dd03e133c0280504d0801269e9afa46362ffde1cbeebf44"
dependencies = [
 "winnow 0.7.14",
]

[[package]]
name = "tuple"
version = "0.5.2"
source = "registry+https://github.com/rust-lang/crates.io-index"
checksum = "9bb9f6bd73479481158ba8ee3edf17aca93354623d13f02e96a2014fdbc1c37e"
dependencies = [
 "num-traits",
 "serde",
]

[[package]]
name = "typenum"
version = "1.19.0"
source = "registry+https://github.com/rust-lang/crates.io-index"
checksum = "562d481066bde0658276a35467c4af00bdc6ee726305698a55b86e61d7ad82bb"

[[package]]
name = "ucd-trie"
version = "0.1.7"
source = "registry+https://github.com/rust-lang/crates.io-index"
checksum = "2896d95c02a80c6d6a5d6e953d479f5ddf2dfdb6a244441010e373ac0fb88971"

[[package]]
name = "unicode-ident"
version = "1.0.22"
source = "registry+https://github.com/rust-lang/crates.io-index"
checksum = "9312f7c4f6ff9069b165498234ce8be658059c6728633667c526e27dc2cf1df5"

[[package]]
name = "unicode-segmentation"
version = "1.12.0"
source = "registry+https://github.com/rust-lang/crates.io-index"
checksum = "f6ccf251212114b54433ec949fd6a7841275f9ada20dddd2f29e9ceea4501493"

[[package]]
name = "unicode-xid"
version = "0.2.6"
source = "registry+https://github.com/rust-lang/crates.io-index"
checksum = "ebc1c04c71510c7f702b52b7c350734c9ff1295c464a03335b00bb84fc54f853"

[[package]]
name = "unwrap"
version = "1.2.1"
source = "registry+https://github.com/rust-lang/crates.io-index"
checksum = "7e33648dd74328e622c7be51f3b40a303c63f93e6fa5f08778b6203a4c25c20f"

[[package]]
name = "version_check"
version = "0.9.5"
source = "registry+https://github.com/rust-lang/crates.io-index"
checksum = "0b928f33d975fc6ad9f86c8f283853ad26bdd5b10b7f1542aa2fa15e2289105a"

[[package]]
name = "winapi"
version = "0.3.9"
source = "registry+https://github.com/rust-lang/crates.io-index"
checksum = "5c839a674fcd7a98952e593242ea400abe93992746761e38641405d28b00f419"
dependencies = [
 "winapi-i686-pc-windows-gnu",
 "winapi-x86_64-pc-windows-gnu",
]

[[package]]
name = "winapi-i686-pc-windows-gnu"
version = "0.4.0"
source = "registry+https://github.com/rust-lang/crates.io-index"
checksum = "ac3b87c63620426dd9b991e5ce0329eff545bccbbb34f3be09ff6fb6ab51b7b6"

[[package]]
name = "winapi-util"
version = "0.1.11"
source = "registry+https://github.com/rust-lang/crates.io-index"
checksum = "c2a7b1c03c876122aa43f3020e6c3c3ee5c05081c9a00739faf7503aeba10d22"
dependencies = [
 "windows-sys",
]

[[package]]
name = "winapi-x86_64-pc-windows-gnu"
version = "0.4.0"
source = "registry+https://github.com/rust-lang/crates.io-index"
checksum = "712e227841d057c1ee1cd2fb22fa7e5a5461ae8e48fa2ca79ec42cfc1931183f"

[[package]]
name = "windows-link"
version = "0.2.1"
source = "registry+https://github.com/rust-lang/crates.io-index"
checksum = "f0805222e57f7521d6a62e36fa9163bc891acd422f971defe97d64e70d0a4fe5"

[[package]]
name = "windows-sys"
version = "0.61.2"
source = "registry+https://github.com/rust-lang/crates.io-index"
checksum = "ae137229bcbd6cdf0f7b80a31df61766145077ddf49416a728b02cb3921ff3fc"
dependencies = [
 "windows-link",
]

[[package]]
name = "winnow"
version = "0.5.40"
source = "registry+https://github.com/rust-lang/crates.io-index"
checksum = "f593a95398737aeed53e489c785df13f3618e41dbcd6718c6addbf1395aa6876"
dependencies = [
 "memchr",
]

[[package]]
name = "winnow"
version = "0.7.14"
source = "registry+https://github.com/rust-lang/crates.io-index"
checksum = "5a5364e9d77fcdeeaa6062ced926ee3381faa2ee02d3eb83a5c27a8825540829"
dependencies = [
 "memchr",
]

[[package]]
name = "wyz"
version = "0.5.1"
source = "registry+https://github.com/rust-lang/crates.io-index"
checksum = "05f360fc0b24296329c78fda852a1e9ae82de9cf7b27dae4b7f62f118f77b9ed"
dependencies = [
 "tap",
]

[[package]]
name = "xxhash-rust"
version = "0.8.15"
source = "registry+https://github.com/rust-lang/crates.io-index"
checksum = "fdd20c5420375476fbd4394763288da7eb0cc0b8c11deed431a91562af7335d3"

[[package]]
name = "zmij"
version = "1.0.17"
source = "registry+https://github.com/rust-lang/crates.io-index"
checksum = "02aae0f83f69aafc94776e879363e9771d7ecbffe2c7fbb6c14c5e00dfe88439"
